
Microsoft Visual Studio Solution File, Format Version 12.00
# Visual Studio Version 17
VisualStudioVersion = 17.5.33627.172
MinimumVisualStudioVersion = 10.0.40219.1
Project("{FAE04EC0-301F-11D3-BF4B-00C04F79EFBC}") = "MyPOS", "MyPOS\MyPOS.csproj", "{C276FE50-4C2B-41E2-AD20-711CBB60D504}"
EndProject
Global
	GlobalSection(SolutionConfigurationPlatforms) = preSolution
		Debug|Any CPU = Debug|Any CPU
		Release|Any CPU = Release|Any CPU
	EndGlobalSection
	GlobalSection(ProjectConfigurationPlatforms) = postSolution
		{C276FE50-4C2B-41E2-AD20-711CBB60D504}.Debug|Any CPU.ActiveCfg = Debug|Any CPU
		{C276FE50-4C2B-41E2-AD20-711CBB60D504}.Debug|Any CPU.Build.0 = Debug|Any CPU
		{C276FE50-4C2B-41E2-AD20-711CBB60D504}.Release|Any CPU.ActiveCfg = Release|Any CPU
		{C276FE50-4C2B-41E2-AD20-711CBB60D504}.Release|Any CPU.Build.0 = Release|Any CPU
	EndGlobalSection
	GlobalSection(SolutionProperties) = preSolution
		HideSolutionNode = FALSE
	EndGlobalSection
	GlobalSection(ExtensibilityGlobals) = postSolution
		SolutionGuid = {351175E4-B94F-4D1F-B0EF-63DD42444102}
	EndGlobalSection
EndGlobal
